
Microsoft Visual Studio Solution File, Format Version 12.00
# Visual Studio 15
VisualStudioVersion = 15.0.28307.421
MinimumVisualStudioVersion = 10.0.40219.1
Project("{F2A71F9B-5D33-465A-A702-920D77279786}") = "Exercise3.1", "Exercise3.1\Exercise3.1.fsproj", "{FEA2616A-88D2-47F2-86C1-D9637B732852}"
EndProject
Project("{F2A71F9B-5D33-465A-A702-920D77279786}") = "Exercise3.2", "Exercise3.2\Exercise3.2.fsproj", "{CA870157-626E-4063-B83A-04EBE72CD0EA}"
EndProject
Project("{F2A71F9B-5D33-465A-A702-920D77279786}") = "Exercise3.3", "Exercise3.3\Exercise3.3.fsproj", "{4A3F24B9-0312-41B6-BF05-80AB24502568}"
EndProject
Global
	GlobalSection(SolutionConfigurationPlatforms) = preSolution
		Debug|Any CPU = Debug|Any CPU
		Release|Any CPU = Release|Any CPU
	EndGlobalSection
	GlobalSection(ProjectConfigurationPlatforms) = postSolution
		{FEA2616A-88D2-47F2-86C1-D9637B732852}.Debug|Any CPU.ActiveCfg = Debug|Any CPU
		{FEA2616A-88D2-47F2-86C1-D9637B732852}.Debug|Any CPU.Build.0 = Debug|Any CPU
		{FEA2616A-88D2-47F2-86C1-D9637B732852}.Release|Any CPU.ActiveCfg = Release|Any CPU
		{FEA2616A-88D2-47F2-86C1-D9637B732852}.Release|Any CPU.Build.0 = Release|Any CPU
		{CA870157-626E-4063-B83A-04EBE72CD0EA}.Debug|Any CPU.ActiveCfg = Debug|Any CPU
		{CA870157-626E-4063-B83A-04EBE72CD0EA}.Debug|Any CPU.Build.0 = Debug|Any CPU
		{CA870157-626E-4063-B83A-04EBE72CD0EA}.Release|Any CPU.ActiveCfg = Release|Any CPU
		{CA870157-626E-4063-B83A-04EBE72CD0EA}.Release|Any CPU.Build.0 = Release|Any CPU
		{4A3F24B9-0312-41B6-BF05-80AB24502568}.Debug|Any CPU.ActiveCfg = Debug|Any CPU
		{4A3F24B9-0312-41B6-BF05-80AB24502568}.Debug|Any CPU.Build.0 = Debug|Any CPU
		{4A3F24B9-0312-41B6-BF05-80AB24502568}.Release|Any CPU.ActiveCfg = Release|Any CPU
		{4A3F24B9-0312-41B6-BF05-80AB24502568}.Release|Any CPU.Build.0 = Release|Any CPU
	EndGlobalSection
	GlobalSection(SolutionProperties) = preSolution
		HideSolutionNode = FALSE
	EndGlobalSection
	GlobalSection(ExtensibilityGlobals) = postSolution
		SolutionGuid = {D4174D26-D2D3-48EC-A26B-C76F65FA9D23}
	EndGlobalSection
EndGlobal
